// !$*UTF8*$!
{
	archiveVersion = 1;
	classes = {
	};
	objectVersion = 55;
	objects = {

/* Begin PBXBuildFile section */
		F0803D842806FB96001A60BE /* AppDelegate.swift in Sources */ = {isa = PBXBuildFile; fileRef = F0803D832806FB96001A60BE /* AppDelegate.swift */; };
		F0803D862806FB96001A60BE /* SceneDelegate.swift in Sources */ = {isa = PBXBuildFile; fileRef = F0803D852806FB96001A60BE /* SceneDelegate.swift */; };
		F0803D882806FB96001A60BE /* ViewController.swift in Sources */ = {isa = PBXBuildFile; fileRef = F0803D872806FB96001A60BE /* ViewController.swift */; };
		F0803D8B2806FB96001A60BE /* Main.storyboard in Resources */ = {isa = PBXBuildFile; fileRef = F0803D892806FB96001A60BE /* Main.storyboard */; };
		F0803D8D2806FB99001A60BE /* Assets.xcassets in Resources */ = {isa = PBXBuildFile; fileRef = F0803D8C2806FB99001A60BE /* Assets.xcassets */; };
		F0803D902806FB99001A60BE /* LaunchScreen.storyboard in Resources */ = {isa = PBXBuildFile; fileRef = F0803D8E2806FB99001A60BE /* LaunchScreen.storyboard */; };
		F0803DA22806FBF5001A60BE /* NetworkConfig.swift in Sources */ = {isa = PBXBuildFile; fileRef = F0803D992806FBF5001A60BE /* NetworkConfig.swift */; };
		F0803DA32806FBF5001A60BE /* APIClient.swift in Sources */ = {isa = PBXBuildFile; fileRef = F0803D9A2806FBF5001A60BE /* APIClient.swift */; };
		F0803DA42806FBF5001A60BE /* NetworkManager.swift in Sources */ = {isa = PBXBuildFile; fileRef = F0803D9B2806FBF5001A60BE /* NetworkManager.swift */; };
		F0803DA52806FBF5001A60BE /* APIClientProtocol.swift in Sources */ = {isa = PBXBuildFile; fileRef = F0803D9D2806FBF5001A60BE /* APIClientProtocol.swift */; };
		F0803DA62806FBF5001A60BE /* NetworkManagerProtocol.swift in Sources */ = {isa = PBXBuildFile; fileRef = F0803D9E2806FBF5001A60BE /* NetworkManagerProtocol.swift */; };
		F0803DA72806FBF5001A60BE /* EndPointType.swift in Sources */ = {isa = PBXBuildFile; fileRef = F0803D9F2806FBF5001A60BE /* EndPointType.swift */; };
		F0803DA82806FBF5001A60BE /* NetworkConstant.swift in Sources */ = {isa = PBXBuildFile; fileRef = F0803DA02806FBF5001A60BE /* NetworkConstant.swift */; };
		F0803DA92806FBF5001A60BE /* NetworkError.swift in Sources */ = {isa = PBXBuildFile; fileRef = F0803DA12806FBF5001A60BE /* NetworkError.swift */; };
/* End PBXBuildFile section */

/* Begin PBXFileReference section */
		F0803D802806FB96001A60BE /* Artium.app */ = {isa = PBXFileReference; explicitFileType = wrapper.application; includeInIndex = 0; path = Artium.app; sourceTree = BUILT_PRODUCTS_DIR; };
		F0803D832806FB96001A60BE /* AppDelegate.swift */ = {isa = PBXFileReference; lastKnownFileType = sourcecode.swift; path = AppDelegate.swift; sourceTree = "<group>"; };
		F0803D852806FB96001A60BE /* SceneDelegate.swift */ = {isa = PBXFileReference; lastKnownFileType = sourcecode.swift; path = SceneDelegate.swift; sourceTree = "<group>"; };
		F0803D872806FB96001A60BE /* ViewController.swift */ = {isa = PBXFileReference; lastKnownFileType = sourcecode.swift; path = ViewController.swift; sourceTree = "<group>"; };
		F0803D8A2806FB96001A60BE /* Base */ = {isa = PBXFileReference; lastKnownFileType = file.storyboard; name = Base; path = Base.lproj/Main.storyboard; sourceTree = "<group>"; };
		F0803D8C2806FB99001A60BE /* Assets.xcassets */ = {isa = PBXFileReference; lastKnownFileType = folder.assetcatalog; path = Assets.xcassets; sourceTree = "<group>"; };
		F0803D8F2806FB99001A60BE /* Base */ = {isa = PBXFileReference; lastKnownFileType = file.storyboard; name = Base; path = Base.lproj/LaunchScreen.storyboard; sourceTree = "<group>"; };
		F0803D912806FB99001A60BE /* Info.plist */ = {isa = PBXFileReference; lastKnownFileType = text.plist.xml; path = Info.plist; sourceTree = "<group>"; };
		F0803D992806FBF5001A60BE /* NetworkConfig.swift */ = {isa = PBXFileReference; fileEncoding = 4; lastKnownFileType = sourcecode.swift; path = NetworkConfig.swift; sourceTree = "<group>"; };
		F0803D9A2806FBF5001A60BE /* APIClient.swift */ = {isa = PBXFileReference; fileEncoding = 4; lastKnownFileType = sourcecode.swift; path = APIClient.swift; sourceTree = "<group>"; };
		F0803D9B2806FBF5001A60BE /* NetworkManager.swift */ = {isa = PBXFileReference; fileEncoding = 4; lastKnownFileType = sourcecode.swift; path = NetworkManager.swift; sourceTree = "<group>"; };
		F0803D9D2806FBF5001A60BE /* APIClientProtocol.swift */ = {isa = PBXFileReference; fileEncoding = 4; lastKnownFileType = sourcecode.swift; path = APIClientProtocol.swift; sourceTree = "<group>"; };
		F0803D9E2806FBF5001A60BE /* NetworkManagerProtocol.swift */ = {isa = PBXFileReference; fileEncoding = 4; lastKnownFileType = sourcecode.swift; path = NetworkManagerProtocol.swift; sourceTree = "<group>"; };
		F0803D9F2806FBF5001A60BE /* EndPointType.swift */ = {isa = PBXFileReference; fileEncoding = 4; lastKnownFileType = sourcecode.swift; path = EndPointType.swift; sourceTree = "<group>"; };
		F0803DA02806FBF5001A60BE /* NetworkConstant.swift */ = {isa = PBXFileReference; fileEncoding = 4; lastKnownFileType = sourcecode.swift; path = NetworkConstant.swift; sourceTree = "<group>"; };
		F0803DA12806FBF5001A60BE /* NetworkError.swift */ = {isa = PBXFileReference; fileEncoding = 4; lastKnownFileType = sourcecode.swift; path = NetworkError.swift; sourceTree = "<group>"; };
/* End PBXFileReference section */

/* Begin PBXFrameworksBuildPhase section */
		F0803D7D2806FB96001A60BE /* Frameworks */ = {
			isa = PBXFrameworksBuildPhase;
			buildActionMask = 2147483647;
			files = (
			);
			runOnlyForDeploymentPostprocessing = 0;
		};
/* End PBXFrameworksBuildPhase section */

/* Begin PBXGroup section */
		F0803D772806FB96001A60BE = {
			isa = PBXGroup;
			children = (
				F0803D822806FB96001A60BE /* Artium */,
				F0803D812806FB96001A60BE /* Products */,
			);
			sourceTree = "<group>";
		};
		F0803D812806FB96001A60BE /* Products */ = {
			isa = PBXGroup;
			children = (
				F0803D802806FB96001A60BE /* Artium.app */,
			);
			name = Products;
			sourceTree = "<group>";
		};
		F0803D822806FB96001A60BE /* Artium */ = {
			isa = PBXGroup;
			children = (
				F0803DAA28070430001A60BE /* Resources */,
				F0803D972806FBF5001A60BE /* Network */,
				F0803D832806FB96001A60BE /* AppDelegate.swift */,
				F0803D852806FB96001A60BE /* SceneDelegate.swift */,
				F0803D872806FB96001A60BE /* ViewController.swift */,
				F0803D892806FB96001A60BE /* Main.storyboard */,
				F0803D8C2806FB99001A60BE /* Assets.xcassets */,
				F0803D8E2806FB99001A60BE /* LaunchScreen.storyboard */,
				F0803D912806FB99001A60BE /* Info.plist */,
			);
			path = Artium;
			sourceTree = "<group>";
		};
		F0803D972806FBF5001A60BE /* Network */ = {
			isa = PBXGroup;
			children = (
				F0803D982806FBF5001A60BE /* Config */,
				F0803D9A2806FBF5001A60BE /* APIClient.swift */,
				F0803D9B2806FBF5001A60BE /* NetworkManager.swift */,
				F0803D9C2806FBF5001A60BE /* Protocol */,
				F0803DA02806FBF5001A60BE /* NetworkConstant.swift */,
				F0803DA12806FBF5001A60BE /* NetworkError.swift */,
			);
			path = Network;
			sourceTree = "<group>";
		};
		F0803D982806FBF5001A60BE /* Config */ = {
			isa = PBXGroup;
			children = (
				F0803D992806FBF5001A60BE /* NetworkConfig.swift */,
			);
			path = Config;
			sourceTree = "<group>";
		};
		F0803D9C2806FBF5001A60BE /* Protocol */ = {
			isa = PBXGroup;
			children = (
				F0803D9D2806FBF5001A60BE /* APIClientProtocol.swift */,
				F0803D9E2806FBF5001A60BE /* NetworkManagerProtocol.swift */,
				F0803D9F2806FBF5001A60BE /* EndPointType.swift */,
			);
			path = Protocol;
			sourceTree = "<group>";
		};
		F0803DAA28070430001A60BE /* Resources */ = {
			isa = PBXGroup;
			children = (
			);
			path = Resources;
			sourceTree = "<group>";
		};
/* End PBXGroup section */

/* Begin PBXNativeTarget section */
		F0803D7F2806FB96001A60BE /* Artium */ = {
			isa = PBXNativeTarget;
			buildConfigurationList = F0803D942806FB99001A60BE /* Build configuration list for PBXNativeTarget "Artium" */;
			buildPhases = (
				F0803D7C2806FB96001A60BE /* Sources */,
				F0803D7D2806FB96001A60BE /* Frameworks */,
				F0803D7E2806FB96001A60BE /* Resources */,
			);
			buildRules = (
			);
			dependencies = (
			);
			name = Artium;
			productName = Artium;
			productReference = F0803D802806FB96001A60BE /* Artium.app */;
			productType = "com.apple.product-type.application";
		};
/* End PBXNativeTarget section */

/* Begin PBXProject section */
		F0803D782806FB96001A60BE /* Project object */ = {
			isa = PBXProject;
			attributes = {
				BuildIndependentTargetsInParallel = 1;
				LastSwiftUpdateCheck = 1320;
				LastUpgradeCheck = 1320;
				TargetAttributes = {
					F0803D7F2806FB96001A60BE = {
						CreatedOnToolsVersion = 13.2.1;
					};
				};
			};
			buildConfigurationList = F0803D7B2806FB96001A60BE /* Build configuration list for PBXProject "Artium" */;
			compatibilityVersion = "Xcode 13.0";
			developmentRegion = en;
			hasScannedForEncodings = 0;
			knownRegions = (
				en,
				Base,
			);
			mainGroup = F0803D772806FB96001A60BE;
			productRefGroup = F0803D812806FB96001A60BE /* Products */;
			projectDirPath = "";
			projectRoot = "";
			targets = (
				F0803D7F2806FB96001A60BE /* Artium */,
			);
		};
/* End PBXProject section */

/* Begin PBXResourcesBuildPhase section */
		F0803D7E2806FB96001A60BE /* Resources */ = {
			isa = PBXResourcesBuildPhase;
			buildActionMask = 2147483647;
			files = (
				F0803D902806FB99001A60BE /* LaunchScreen.storyboard in Resources */,
				F0803D8D2806FB99001A60BE /* Assets.xcassets in Resources */,
				F0803D8B2806FB96001A60BE /* Main.storyboard in Resources */,
			);
			runOnlyForDeploymentPostprocessing = 0;
		};
/* End PBXResourcesBuildPhase section */

/* Begin PBXSourcesBuildPhase section */
		F0803D7C2806FB96001A60BE /* Sources */ = {
			isa = PBXSourcesBuildPhase;
			buildActionMask = 2147483647;
			files = (
				F0803DA42806FBF5001A60BE /* NetworkManager.swift in Sources */,
				F0803D882806FB96001A60BE /* ViewController.swift in Sources */,
				F0803DA72806FBF5001A60BE /* EndPointType.swift in Sources */,
				F0803D842806FB96001A60BE /* AppDelegate.swift in Sources */,
				F0803DA22806FBF5001A60BE /* NetworkConfig.swift in Sources */,
				F0803DA32806FBF5001A60BE /* APIClient.swift in Sources */,
				F0803DA52806FBF5001A60BE /* APIClientProtocol.swift in Sources */,
				F0803DA62806FBF5001A60BE /* NetworkManagerProtocol.swift in Sources */,
				F0803DA82806FBF5001A60BE /* NetworkConstant.swift in Sources */,
				F0803DA92806FBF5001A60BE /* NetworkError.swift in Sources */,
				F0803D862806FB96001A60BE /* SceneDelegate.swift in Sources */,
			);
			runOnlyForDeploymentPostprocessing = 0;
		};
/* End PBXSourcesBuildPhase section */

/* Begin PBXVariantGroup section */
		F0803D892806FB96001A60BE /* Main.storyboard */ = {
			isa = PBXVariantGroup;
			children = (
				F0803D8A2806FB96001A60BE /* Base */,
			);
			name = Main.storyboard;
			sourceTree = "<group>";
		};
		F0803D8E2806FB99001A60BE /* LaunchScreen.storyboard */ = {
			isa = PBXVariantGroup;
			children = (
				F0803D8F2806FB99001A60BE /* Base */,
			);
			name = LaunchScreen.storyboard;
			sourceTree = "<group>";
		};
/* End PBXVariantGroup section */

/* Begin XCBuildConfiguration section */
		F0803D922806FB99001A60BE /* Debug */ = {
			isa = XCBuildConfiguration;
			buildSettings = {
				ALWAYS_SEARCH_USER_PATHS = NO;
				CLANG_ANALYZER_NONNULL = YES;
				CLANG_ANALYZER_NUMBER_OBJECT_CONVERSION = YES_AGGRESSIVE;
				CLANG_CXX_LANGUAGE_STANDARD = "gnu++17";
				CLANG_CXX_LIBRARY = "libc++";
				CLANG_ENABLE_MODULES = YES;
				CLANG_ENABLE_OBJC_ARC = YES;
				CLANG_ENABLE_OBJC_WEAK = YES;
				CLANG_WARN_BLOCK_CAPTURE_AUTORELEASING = YES;
				CLANG_WARN_BOOL_CONVERSION = YES;
				CLANG_WARN_COMMA = YES;
				CLANG_WARN_CONSTANT_CONVERSION = YES;
				CLANG_WARN_DEPRECATED_OBJC_IMPLEMENTATIONS = YES;
				CLANG_WARN_DIRECT_OBJC_ISA_USAGE = YES_ERROR;
				CLANG_WARN_DOCUMENTATION_COMMENTS = YES;
				CLANG_WARN_EMPTY_BODY = YES;
				CLANG_WARN_ENUM_CONVERSION = YES;
				CLANG_WARN_INFINITE_RECURSION = YES;
				CLANG_WARN_INT_CONVERSION = YES;
				CLANG_WARN_NON_LITERAL_NULL_CONVERSION = YES;
				CLANG_WARN_OBJC_IMPLICIT_RETAIN_SELF = YES;
				CLANG_WARN_OBJC_LITERAL_CONVERSION = YES;
				CLANG_WARN_OBJC_ROOT_CLASS = YES_ERROR;
				CLANG_WARN_QUOTED_INCLUDE_IN_FRAMEWORK_HEADER = YES;
				CLANG_WARN_RANGE_LOOP_ANALYSIS = YES;
				CLANG_WARN_STRICT_PROTOTYPES = YES;
				CLANG_WARN_SUSPICIOUS_MOVE = YES;
				CLANG_WARN_UNGUARDED_AVAILABILITY = YES_AGGRESSIVE;
				CLANG_WARN_UNREACHABLE_CODE = YES;
				CLANG_WARN__DUPLICATE_METHOD_MATCH = YES;
				COPY_PHASE_STRIP = NO;
				DEBUG_INFORMATION_FORMAT = dwarf;
				ENABLE_STRICT_OBJC_MSGSEND = YES;
				ENABLE_TESTABILITY = YES;
				GCC_C_LANGUAGE_STANDARD = gnu11;
				GCC_DYNAMIC_NO_PIC = NO;
				GCC_NO_COMMON_BLOCKS = YES;
				GCC_OPTIMIZATION_LEVEL = 0;
				GCC_PREPROCESSOR_DEFINITIONS = (
					"DEBUG=1",
					"$(inherited)",
				);
				GCC_WARN_64_TO_32_BIT_CONVERSION = YES;
				GCC_WARN_ABOUT_RETURN_TYPE = YES_ERROR;
				GCC_WARN_UNDECLARED_SELECTOR = YES;
				GCC_WARN_UNINITIALIZED_AUTOS = YES_AGGRESSIVE;
				GCC_WARN_UNUSED_FUNCTION = YES;
				GCC_WARN_UNUSED_VARIABLE = YES;
				IPHONEOS_DEPLOYMENT_TARGET = 11.0;
				MTL_ENABLE_DEBUG_INFO = INCLUDE_SOURCE;
				MTL_FAST_MATH = YES;
				ONLY_ACTIVE_ARCH = YES;
				SDKROOT = iphoneos;
				SWIFT_ACTIVE_COMPILATION_CONDITIONS = DEBUG;
				SWIFT_OPTIMIZATION_LEVEL = "-Onone";
			};
			name = Debug;
		};
		F0803D932806FB99001A60BE /* Release */ = {
			isa = XCBuildConfiguration;
			buildSettings = {
				ALWAYS_SEARCH_USER_PATHS = NO;
				CLANG_ANALYZER_NONNULL = YES;
				CLANG_ANALYZER_NUMBER_OBJECT_CONVERSION = YES_AGGRESSIVE;
				CLANG_CXX_LANGUAGE_STANDARD = "gnu++17";
				CLANG_CXX_LIBRARY = "libc++";
				CLANG_ENABLE_MODULES = YES;
				CLANG_ENABLE_OBJC_ARC = YES;
				CLANG_ENABLE_OBJC_WEAK = YES;
				CLANG_WARN_BLOCK_CAPTURE_AUTORELEASING = YES;
				CLANG_WARN_BOOL_CONVERSION = YES;
				CLANG_WARN_COMMA = YES;
				CLANG_WARN_CONSTANT_CONVERSION = YES;
				CLANG_WARN_DEPRECATED_OBJC_IMPLEMENTATIONS = YES;
				CLANG_WARN_DIRECT_OBJC_ISA_USAGE = YES_ERROR;
				CLANG_WARN_DOCUMENTATION_COMMENTS = YES;
				CLANG_WARN_EMPTY_BODY = YES;
				CLANG_WARN_ENUM_CONVERSION = YES;
				CLANG_WARN_INFINITE_RECURSION = YES;
				CLANG_WARN_INT_CONVERSION = YES;
				CLANG_WARN_NON_LITERAL_NULL_CONVERSION = YES;
				CLANG_WARN_OBJC_IMPLICIT_RETAIN_SELF = YES;
				CLANG_WARN_OBJC_LITERAL_CONVERSION = YES;
				CLANG_WARN_OBJC_ROOT_CLASS = YES_ERROR;
				CLANG_WARN_QUOTED_INCLUDE_IN_FRAMEWORK_HEADER = YES;
				CLANG_WARN_RANGE_LOOP_ANALYSIS = YES;
				CLANG_WARN_STRICT_PROTOTYPES = YES;
				CLANG_WARN_SUSPICIOUS_MOVE = YES;
				CLANG_WARN_UNGUARDED_AVAILABILITY = YES_AGGRESSIVE;
				CLANG_WARN_UNREACHABLE_CODE = YES;
				CLANG_WARN__DUPLICATE_METHOD_MATCH = YES;
				COPY_PHASE_STRIP = NO;
				DEBUG_INFORMATION_FORMAT = "dwarf-with-dsym";
				ENABLE_NS_ASSERTIONS = NO;
				ENABLE_STRICT_OBJC_MSGSEND = YES;
				GCC_C_LANGUAGE_STANDARD = gnu11;
				GCC_NO_COMMON_BLOCKS = YES;
				GCC_WARN_64_TO_32_BIT_CONVERSION = YES;
				GCC_WARN_ABOUT_RETURN_TYPE = YES_ERROR;
				GCC_WARN_UNDECLARED_SELECTOR = YES;
				GCC_WARN_UNINITIALIZED_AUTOS = YES_AGGRESSIVE;
				GCC_WARN_UNUSED_FUNCTION = YES;
				GCC_WARN_UNUSED_VARIABLE = YES;
				IPHONEOS_DEPLOYMENT_TARGET = 11.0;
				MTL_ENABLE_DEBUG_INFO = NO;
				MTL_FAST_MATH = YES;
				SDKROOT = iphoneos;
				SWIFT_COMPILATION_MODE = wholemodule;
				SWIFT_OPTIMIZATION_LEVEL = "-O";
				VALIDATE_PRODUCT = YES;
			};
			name = Release;
		};
		F0803D952806FB99001A60BE /* Debug */ = {
			isa = XCBuildConfiguration;
			buildSettings = {
				ASSETCATALOG_COMPILER_APPICON_NAME = AppIcon;
				ASSETCATALOG_COMPILER_GLOBAL_ACCENT_COLOR_NAME = AccentColor;
				CODE_SIGN_STYLE = Automatic;
				CURRENT_PROJECT_VERSION = 1;
				GENERATE_INFOPLIST_FILE = YES;
				INFOPLIST_FILE = Artium/Info.plist;
				INFOPLIST_KEY_UIApplicationSupportsIndirectInputEvents = YES;
				INFOPLIST_KEY_UILaunchStoryboardName = LaunchScreen;
				INFOPLIST_KEY_UIMainStoryboardFile = Main;
				INFOPLIST_KEY_UISupportedInterfaceOrientations_iPad = "UIInterfaceOrientationPortrait UIInterfaceOrientationPortraitUpsideDown UIInterfaceOrientationLandscapeLeft UIInterfaceOrientationLandscapeRight";
				INFOPLIST_KEY_UISupportedInterfaceOrientations_iPhone = "UIInterfaceOrientationPortrait UIInterfaceOrientationLandscapeLeft UIInterfaceOrientationLandscapeRight";
				LD_RUNPATH_SEARCH_PATHS = (
					"$(inherited)",
					"@executable_path/Frameworks",
				);
				MARKETING_VERSION = 1.0;
				PRODUCT_BUNDLE_IDENTIFIER = com.identifier.test.Artium;
				PRODUCT_NAME = "$(TARGET_NAME)";
				SWIFT_EMIT_LOC_STRINGS = YES;
				SWIFT_VERSION = 5.0;
				TARGETED_DEVICE_FAMILY = "1,2";
			};
			name = Debug;
		};
		F0803D962806FB99001A60BE /* Release */ = {
			isa = XCBuildConfiguration;
			buildSettings = {
				ASSETCATALOG_COMPILER_APPICON_NAME = AppIcon;
				ASSETCATALOG_COMPILER_GLOBAL_ACCENT_COLOR_NAME = AccentColor;
				CODE_SIGN_STYLE = Automatic;
				CURRENT_PROJECT_VERSION = 1;
				GENERATE_INFOPLIST_FILE = YES;
				INFOPLIST_FILE = Artium/Info.plist;
				INFOPLIST_KEY_UIApplicationSupportsIndirectInputEvents = YES;
				INFOPLIST_KEY_UILaunchStoryboardName = LaunchScreen;
				INFOPLIST_KEY_UIMainStoryboardFile = Main;
				INFOPLIST_KEY_UISupportedInterfaceOrientations_iPad = "UIInterfaceOrientationPortrait UIInterfaceOrientationPortraitUpsideDown UIInterfaceOrientationLandscapeLeft UIInterfaceOrientationLandscapeRight";
				INFOPLIST_KEY_UISupportedInterfaceOrientations_iPhone = "UIInterfaceOrientationPortrait UIInterfaceOrientationLandscapeLeft UIInterfaceOrientationLandscapeRight";
				LD_RUNPATH_SEARCH_PATHS = (
					"$(inherited)",
					"@executable_path/Frameworks",
				);
				MARKETING_VERSION = 1.0;
				PRODUCT_BUNDLE_IDENTIFIER = com.identifier.test.Artium;
				PRODUCT_NAME = "$(TARGET_NAME)";
				SWIFT_EMIT_LOC_STRINGS = YES;
				SWIFT_VERSION = 5.0;
				TARGETED_DEVICE_FAMILY = "1,2";
			};
			name = Release;
		};
/* End XCBuildConfiguration section */

/* Begin XCConfigurationList section */
		F0803D7B2806FB96001A60BE /* Build configuration list for PBXProject "Artium" */ = {
			isa = XCConfigurationList;
			buildConfigurations = (
				F0803D922806FB99001A60BE /* Debug */,
				F0803D932806FB99001A60BE /* Release */,
			);
			defaultConfigurationIsVisible = 0;
			defaultConfigurationName = Release;
		};
		F0803D942806FB99001A60BE /* Build configuration list for PBXNativeTarget "Artium" */ = {
			isa = XCConfigurationList;
			buildConfigurations = (
				F0803D952806FB99001A60BE /* Debug */,
				F0803D962806FB99001A60BE /* Release */,
			);
			defaultConfigurationIsVisible = 0;
			defaultConfigurationName = Release;
		};
/* End XCConfigurationList section */
	};
	rootObject = F0803D782806FB96001A60BE /* Project object */;
}
